
Microsoft Visual Studio Solution File, Format Version 12.00
# Visual Studio Version 17
VisualStudioVersion = 17.10.35027.167
MinimumVisualStudioVersion = 10.0.40219.1
Project("{FAE04EC0-301F-11D3-BF4B-00C04F79EFBC}") = "Throttle.ivsdk", "Throttle.ivsdk\Throttle.ivsdk.csproj", "{1B342E4A-B9F9-498C-93D5-D0D94717EAB0}"
EndProject
Global
	GlobalSection(SolutionConfigurationPlatforms) = preSolution
		Debug|Any CPU = Debug|Any CPU
		Release|Any CPU = Release|Any CPU
	EndGlobalSection
	GlobalSection(ProjectConfigurationPlatforms) = postSolution
		{1B342E4A-B9F9-498C-93D5-D0D94717EAB0}.Debug|Any CPU.ActiveCfg = Release|Any CPU
		{1B342E4A-B9F9-498C-93D5-D0D94717EAB0}.Debug|Any CPU.Build.0 = Release|Any CPU
		{1B342E4A-B9F9-498C-93D5-D0D94717EAB0}.Release|Any CPU.ActiveCfg = Release|Any CPU
		{1B342E4A-B9F9-498C-93D5-D0D94717EAB0}.Release|Any CPU.Build.0 = Release|Any CPU
	EndGlobalSection
	GlobalSection(SolutionProperties) = preSolution
		HideSolutionNode = FALSE
	EndGlobalSection
	GlobalSection(ExtensibilityGlobals) = postSolution
		SolutionGuid = {95E07484-E160-410A-82D3-E9165CB7FD82}
	EndGlobalSection
EndGlobal
